// !$*UTF8*$!
{
	archiveVersion = 1;
	classes = {
	};
	objectVersion = 46;
	objects = {

/* Begin PBXBuildFile section */
		3FB5935E1EB13262007C3FA7 /* AppDelegate.swift in Sources */ = {isa = PBXBuildFile; fileRef = 3FB5935D1EB13262007C3FA7 /* AppDelegate.swift */; };
		3FB593601EB13262007C3FA7 /* ViewController.swift in Sources */ = {isa = PBXBuildFile; fileRef = 3FB5935F1EB13262007C3FA7 /* ViewController.swift */; };
		3FB593631EB13262007C3FA7 /* Main.storyboard in Resources */ = {isa = PBXBuildFile; fileRef = 3FB593611EB13262007C3FA7 /* Main.storyboard */; };
		3FB593651EB13262007C3FA7 /* Assets.xcassets in Resources */ = {isa = PBXBuildFile; fileRef = 3FB593641EB13262007C3FA7 /* Assets.xcassets */; };
		3FB593681EB13262007C3FA7 /* LaunchScreen.storyboard in Resources */ = {isa = PBXBuildFile; fileRef = 3FB593661EB13262007C3FA7 /* LaunchScreen.storyboard */; };
/* End PBXBuildFile section */

/* Begin PBXFileReference section */
		3FB5935A1EB13262007C3FA7 /* llolololo.app */ = {isa = PBXFileReference; explicitFileType = wrapper.application; includeInIndex = 0; path = llolololo.app; sourceTree = BUILT_PRODUCTS_DIR; };
		3FB5935D1EB13262007C3FA7 /* AppDelegate.swift */ = {isa = PBXFileReference; lastKnownFileType = sourcecode.swift; path = AppDelegate.swift; sourceTree = "<group>"; };
		3FB5935F1EB13262007C3FA7 /* ViewController.swift */ = {isa = PBXFileReference; lastKnownFileType = sourcecode.swift; path = ViewController.swift; sourceTree = "<group>"; };
		3FB593621EB13262007C3FA7 /* Base */ = {isa = PBXFileReference; lastKnownFileType = file.storyboard; name = Base; path = Base.lproj/Main.storyboard; sourceTree = "<group>"; };
		3FB593641EB13262007C3FA7 /* Assets.xcassets */ = {isa = PBXFileReference; lastKnownFileType = folder.assetcatalog; path = Assets.xcassets; sourceTree = "<group>"; };
		3FB593671EB13262007C3FA7 /* Base */ = {isa = PBXFileReference; lastKnownFileType = file.storyboard; name = Base; path = Base.lproj/LaunchScreen.storyboard; sourceTree = "<group>"; };
		3FB593691EB13262007C3FA7 /* Info.plist */ = {isa = PBXFileReference; lastKnownFileType = text.plist.xml; path = Info.plist; sourceTree = "<group>"; };
/* End PBXFileReference section */

/* Begin PBXFrameworksBuildPhase section */
		3FB593571EB13262007C3FA7 /* Frameworks */ = {
			isa = PBXFrameworksBuildPhase;
			buildActionMask = 2147483647;
			files = (
			);
			runOnlyForDeploymentPostprocessing = 0;
		};
/* End PBXFrameworksBuildPhase section */

/* Begin PBXGroup section */
		3FB593511EB13262007C3FA7 = {
			isa = PBXGroup;
			children = (
				3FB5935C1EB13262007C3FA7 /* llolololo */,
				3FB5935B1EB13262007C3FA7 /* Products */,
			);
			sourceTree = "<group>";
		};
		3FB5935B1EB13262007C3FA7 /* Products */ = {
			isa = PBXGroup;
			children = (
				3FB5935A1EB13262007C3FA7 /* llolololo.app */,
			);
			name = Products;
			sourceTree = "<group>";
		};
		3FB5935C1EB13262007C3FA7 /* llolololo */ = {
			isa = PBXGroup;
			children = (
				3FB5935D1EB13262007C3FA7 /* AppDelegate.swift */,
				3FB5935F1EB13262007C3FA7 /* ViewController.swift */,
				3FB593611EB13262007C3FA7 /* Main.storyboard */,
				3FB593641EB13262007C3FA7 /* Assets.xcassets */,
				3FB593661EB13262007C3FA7 /* LaunchScreen.storyboard */,
				3FB593691EB13262007C3FA7 /* Info.plist */,
			);
			path = llolololo;
			sourceTree = "<group>";
		};
/* End PBXGroup section */

/* Begin PBXNativeTarget section */
		3FB593591EB13262007C3FA7 /* llolololo */ = {
			isa = PBXNativeTarget;
			buildConfigurationList = 3FB5936C1EB13262007C3FA7 /* Build configuration list for PBXNativeTarget "llolololo" */;
			buildPhases = (
				3FB593561EB13262007C3FA7 /* Sources */,
				3FB593571EB13262007C3FA7 /* Frameworks */,
				3FB593581EB13262007C3FA7 /* Resources */,
			);
			buildRules = (
			);
			dependencies = (
			);
			name = llolololo;
			productName = llolololo;
			productReference = 3FB5935A1EB13262007C3FA7 /* llolololo.app */;
			productType = "com.apple.product-type.application";
		};
/* End PBXNativeTarget section */

/* Begin PBXProject section */
		3FB593521EB13262007C3FA7 /* Project object */ = {
			isa = PBXProject;
			attributes = {
				LastSwiftUpdateCheck = 0830;
				LastUpgradeCheck = 0830;
				ORGANIZATIONNAME = EmoDaddy;
				TargetAttributes = {
					3FB593591EB13262007C3FA7 = {
						CreatedOnToolsVersion = 8.3.2;
						ProvisioningStyle = Automatic;
					};
				};
			};
			buildConfigurationList = 3FB593551EB13262007C3FA7 /* Build configuration list for PBXProject "llolololo" */;
			compatibilityVersion = "Xcode 3.2";
			developmentRegion = English;
			hasScannedForEncodings = 0;
			knownRegions = (
				en,
				Base,
			);
			mainGroup = 3FB593511EB13262007C3FA7;
			productRefGroup = 3FB5935B1EB13262007C3FA7 /* Products */;
			projectDirPath = "";
			projectRoot = "";
			targets = (
				3FB593591EB13262007C3FA7 /* llolololo */,
			);
		};
/* End PBXProject section */

/* Begin PBXResourcesBuildPhase section */
		3FB593581EB13262007C3FA7 /* Resources */ = {
			isa = PBXResourcesBuildPhase;
			buildActionMask = 2147483647;
			files = (
				3FB593681EB13262007C3FA7 /* LaunchScreen.storyboard in Resources */,
				3FB593651EB13262007C3FA7 /* Assets.xcassets in Resources */,
				3FB593631EB13262007C3FA7 /* Main.storyboard in Resources */,
			);
			runOnlyForDeploymentPostprocessing = 0;
		};
/* End PBXResourcesBuildPhase section */

/* Begin PBXSourcesBuildPhase section */
		3FB593561EB13262007C3FA7 /* Sources */ = {
			isa = PBXSourcesBuildPhase;
			buildActionMask = 2147483647;
			files = (
				3FB593601EB13262007C3FA7 /* ViewController.swift in Sources */,
				3FB5935E1EB13262007C3FA7 /* AppDelegate.swift in Sources */,
			);
			runOnlyForDeploymentPostprocessing = 0;
		};
/* End PBXSourcesBuildPhase section */

/* Begin PBXVariantGroup section */
		3FB593611EB13262007C3FA7 /* Main.storyboard */ = {
			isa = PBXVariantGroup;
			children = (
				3FB593621EB13262007C3FA7 /* Base */,
			);
			name = Main.storyboard;
			sourceTree = "<group>";
		};
		3FB593661EB13262007C3FA7 /* LaunchScreen.storyboard */ = {
			isa = PBXVariantGroup;
			children = (
				3FB593671EB13262007C3FA7 /* Base */,
			);
			name = LaunchScreen.storyboard;
			sourceTree = "<group>";
		};
/* End PBXVariantGroup section */

/* Begin XCBuildConfiguration section */
		3FB5936A1EB13262007C3FA7 /* Debug */ = {
			isa = XCBuildConfiguration;
			buildSettings = {
				ALWAYS_SEARCH_USER_PATHS = NO;
				CLANG_ANALYZER_NONNULL = YES;
				CLANG_ANALYZER_NUMBER_OBJECT_CONVERSION = YES_AGGRESSIVE;
				CLANG_CXX_LANGUAGE_STANDARD = "gnu++0x";
				CLANG_CXX_LIBRARY = "libc++";
				CLANG_ENABLE_MODULES = YES;
				CLANG_ENABLE_OBJC_ARC = YES;
				CLANG_WARN_BOOL_CONVERSION = YES;
				CLANG_WARN_CONSTANT_CONVERSION = YES;
				CLANG_WARN_DIRECT_OBJC_ISA_USAGE = YES_ERROR;
				CLANG_WARN_DOCUMENTATION_COMMENTS = YES;
				CLANG_WARN_EMPTY_BODY = YES;
				CLANG_WARN_ENUM_CONVERSION = YES;
				CLANG_WARN_INFINITE_RECURSION = YES;
				CLANG_WARN_INT_CONVERSION = YES;
				CLANG_WARN_OBJC_ROOT_CLASS = YES_ERROR;
				CLANG_WARN_SUSPICIOUS_MOVE = YES;
				CLANG_WARN_UNREACHABLE_CODE = YES;
				CLANG_WARN__DUPLICATE_METHOD_MATCH = YES;
				"CODE_SIGN_IDENTITY[sdk=iphoneos*]" = "iPhone Developer";
				COPY_PHASE_STRIP = NO;
				DEBUG_INFORMATION_FORMAT = dwarf;
				ENABLE_STRICT_OBJC_MSGSEND = YES;
				ENABLE_TESTABILITY = YES;
				GCC_C_LANGUAGE_STANDARD = gnu99;
				GCC_DYNAMIC_NO_PIC = NO;
				GCC_NO_COMMON_BLOCKS = YES;
				GCC_OPTIMIZATION_LEVEL = 0;
				GCC_PREPROCESSOR_DEFINITIONS = (
					"DEBUG=1",
					"$(inherited)",
				);
				GCC_WARN_64_TO_32_BIT_CONVERSION = YES;
				GCC_WARN_ABOUT_RETURN_TYPE = YES_ERROR;
				GCC_WARN_UNDECLARED_SELECTOR = YES;
				GCC_WARN_UNINITIALIZED_AUTOS = YES_AGGRESSIVE;
				GCC_WARN_UNUSED_FUNCTION = YES;
				GCC_WARN_UNUSED_VARIABLE = YES;
				IPHONEOS_DEPLOYMENT_TARGET = 10.3;
				MTL_ENABLE_DEBUG_INFO = YES;
				ONLY_ACTIVE_ARCH = YES;
				SDKROOT = iphoneos;
				SWIFT_ACTIVE_COMPILATION_CONDITIONS = DEBUG;
				SWIFT_OPTIMIZATION_LEVEL = "-Onone";
				TARGETED_DEVICE_FAMILY = "1,2";
			};
			name = Debug;
		};
		3FB5936B1EB13262007C3FA7 /* Release */ = {
			isa = XCBuildConfiguration;
			buildSettings = {
				ALWAYS_SEARCH_USER_PATHS = NO;
				CLANG_ANALYZER_NONNULL = YES;
				CLANG_ANALYZER_NUMBER_OBJECT_CONVERSION = YES_AGGRESSIVE;
				CLANG_CXX_LANGUAGE_STANDARD = "gnu++0x";
				CLANG_CXX_LIBRARY = "libc++";
				CLANG_ENABLE_MODULES = YES;
				CLANG_ENABLE_OBJC_ARC = YES;
				CLANG_WARN_BOOL_CONVERSION = YES;
				CLANG_WARN_CONSTANT_CONVERSION = YES;
				CLANG_WARN_DIRECT_OBJC_ISA_USAGE = YES_ERROR;
				CLANG_WARN_DOCUMENTATION_COMMENTS = YES;
				CLANG_WARN_EMPTY_BODY = YES;
				CLANG_WARN_ENUM_CONVERSION = YES;
				CLANG_WARN_INFINITE_RECURSION = YES;
				CLANG_WARN_INT_CONVERSION = YES;
				CLANG_WARN_OBJC_ROOT_CLASS = YES_ERROR;
				CLANG_WARN_SUSPICIOUS_MOVE = YES;
				CLANG_WARN_UNREACHABLE_CODE = YES;
				CLANG_WARN__DUPLICATE_METHOD_MATCH = YES;
				"CODE_SIGN_IDENTITY[sdk=iphoneos*]" = "iPhone Developer";
				COPY_PHASE_STRIP = NO;
				DEBUG_INFORMATION_FORMAT = "dwarf-with-dsym";
				ENABLE_NS_ASSERTIONS = NO;
				ENABLE_STRICT_OBJC_MSGSEND = YES;
				GCC_C_LANGUAGE_STANDARD = gnu99;
				GCC_NO_COMMON_BLOCKS = YES;
				GCC_WARN_64_TO_32_BIT_CONVERSION = YES;
				GCC_WARN_ABOUT_RETURN_TYPE = YES_ERROR;
				GCC_WARN_UNDECLARED_SELECTOR = YES;
				GCC_WARN_UNINITIALIZED_AUTOS = YES_AGGRESSIVE;
				GCC_WARN_UNUSED_FUNCTION = YES;
				GCC_WARN_UNUSED_VARIABLE = YES;
				IPHONEOS_DEPLOYMENT_TARGET = 10.3;
				MTL_ENABLE_DEBUG_INFO = NO;
				SDKROOT = iphoneos;
				SWIFT_OPTIMIZATION_LEVEL = "-Owholemodule";
				TARGETED_DEVICE_FAMILY = "1,2";
				VALIDATE_PRODUCT = YES;
			};
			name = Release;
		};
		3FB5936D1EB13262007C3FA7 /* Debug */ = {
			isa = XCBuildConfiguration;
			buildSettings = {
				ASSETCATALOG_COMPILER_APPICON_NAME = AppIcon;
				INFOPLIST_FILE = llolololo/Info.plist;
				LD_RUNPATH_SEARCH_PATHS = "$(inherited) @executable_path/Frameworks";
				PRODUCT_BUNDLE_IDENTIFIER = EmoDaddy.llolololo;
				PRODUCT_NAME = "$(TARGET_NAME)";
				SWIFT_VERSION = 3.0;
			};
			name = Debug;
		};
		3FB5936E1EB13262007C3FA7 /* Release */ = {
			isa = XCBuildConfiguration;
			buildSettings = {
				ASSETCATALOG_COMPILER_APPICON_NAME = AppIcon;
				INFOPLIST_FILE = llolololo/Info.plist;
				LD_RUNPATH_SEARCH_PATHS = "$(inherited) @executable_path/Frameworks";
				PRODUCT_BUNDLE_IDENTIFIER = EmoDaddy.llolololo;
				PRODUCT_NAME = "$(TARGET_NAME)";
				SWIFT_VERSION = 3.0;
			};
			name = Release;
		};
/* End XCBuildConfiguration section */

/* Begin XCConfigurationList section */
		3FB593551EB13262007C3FA7 /* Build configuration list for PBXProject "llolololo" */ = {
			isa = XCConfigurationList;
			buildConfigurations = (
				3FB5936A1EB13262007C3FA7 /* Debug */,
				3FB5936B1EB13262007C3FA7 /* Release */,
			);
			defaultConfigurationIsVisible = 0;
			defaultConfigurationName = Release;
		};
		3FB5936C1EB13262007C3FA7 /* Build configuration list for PBXNativeTarget "llolololo" */ = {
			isa = XCConfigurationList;
			buildConfigurations = (
				3FB5936D1EB13262007C3FA7 /* Debug */,
				3FB5936E1EB13262007C3FA7 /* Release */,
			);
			defaultConfigurationIsVisible = 0;
		};
/* End XCConfigurationList section */
	};
	rootObject = 3FB593521EB13262007C3FA7 /* Project object */;
}
